
Microsoft Visual Studio Solution File, Format Version 12.00
# Visual Studio Version 17
VisualStudioVersion = 17.0.31903.59
MinimumVisualStudioVersion = 10.0.40219.1
Project("{2150E333-8FDC-42A3-9474-1A3956D46DE8}") = "src", "src", "{882E13E1-4A92-4E48-B822-0B99C5077639}"
EndProject
Project("{FAE04EC0-301F-11D3-BF4B-00C04F79EFBC}") = "SPC.API", "src\SPC.API\SPC.API.csproj", "{C7FB4723-3F17-4840-8517-6702A7138F52}"
EndProject
Project("{FAE04EC0-301F-11D3-BF4B-00C04F79EFBC}") = "SPC.Core", "src\SPC.Core\SPC.Core.csproj", "{98D58AEE-83DC-4437-B63F-B4CA49C3B007}"
EndProject
Project("{FAE04EC0-301F-11D3-BF4B-00C04F79EFBC}") = "SPC.Infrastructure", "src\SPC.Infrastructure\SPC.Infrastructure.csproj", "{9A889C6D-0E2B-4AF3-B810-857B9C7AA486}"
EndProject
Project("{FAE04EC0-301F-11D3-BF4B-00C04F79EFBC}") = "SPC.Shared", "src\SPC.Shared\SPC.Shared.csproj", "{4E10B970-FC70-40F5-BFCF-36A2FF5D1185}"
EndProject
Project("{2150E333-8FDC-42A3-9474-1A3956D46DE8}") = "tests", "tests", "{A8030618-266D-4BD0-AFD6-D106A439BDB3}"
EndProject
Project("{FAE04EC0-301F-11D3-BF4B-00C04F79EFBC}") = "SPC.API.Tests", "tests\SPC.API.Tests\SPC.API.Tests.csproj", "{107BFC79-9DE4-499E-ADBA-C1F1675FAE76}"
EndProject
Project("{FAE04EC0-301F-11D3-BF4B-00C04F79EFBC}") = "SPC.Core.Tests", "tests\SPC.Core.Tests\SPC.Core.Tests.csproj", "{31523403-7F7A-4135-9858-1201228EA69D}"
EndProject
Project("{FAE04EC0-301F-11D3-BF4B-00C04F79EFBC}") = "SPC.Infrastructure.Tests", "tests\SPC.Infrastructure.Tests\SPC.Infrastructure.Tests.csproj", "{94082869-D38B-47EB-B5B7-F707F5068B3B}"
EndProject
Global
	GlobalSection(SolutionConfigurationPlatforms) = preSolution
		Debug|Any CPU = Debug|Any CPU
		Release|Any CPU = Release|Any CPU
	EndGlobalSection
	GlobalSection(SolutionProperties) = preSolution
		HideSolutionNode = FALSE
	EndGlobalSection
	GlobalSection(ProjectConfigurationPlatforms) = postSolution
		{C7FB4723-3F17-4840-8517-6702A7138F52}.Debug|Any CPU.ActiveCfg = Debug|Any CPU
		{C7FB4723-3F17-4840-8517-6702A7138F52}.Debug|Any CPU.Build.0 = Debug|Any CPU
		{C7FB4723-3F17-4840-8517-6702A7138F52}.Release|Any CPU.ActiveCfg = Release|Any CPU
		{C7FB4723-3F17-4840-8517-6702A7138F52}.Release|Any CPU.Build.0 = Release|Any CPU
		{98D58AEE-83DC-4437-B63F-B4CA49C3B007}.Debug|Any CPU.ActiveCfg = Debug|Any CPU
		{98D58AEE-83DC-4437-B63F-B4CA49C3B007}.Debug|Any CPU.Build.0 = Debug|Any CPU
		{98D58AEE-83DC-4437-B63F-B4CA49C3B007}.Release|Any CPU.ActiveCfg = Release|Any CPU
		{98D58AEE-83DC-4437-B63F-B4CA49C3B007}.Release|Any CPU.Build.0 = Release|Any CPU
		{9A889C6D-0E2B-4AF3-B810-857B9C7AA486}.Debug|Any CPU.ActiveCfg = Debug|Any CPU
		{9A889C6D-0E2B-4AF3-B810-857B9C7AA486}.Debug|Any CPU.Build.0 = Debug|Any CPU
		{9A889C6D-0E2B-4AF3-B810-857B9C7AA486}.Release|Any CPU.ActiveCfg = Release|Any CPU
		{9A889C6D-0E2B-4AF3-B810-857B9C7AA486}.Release|Any CPU.Build.0 = Release|Any CPU
		{4E10B970-FC70-40F5-BFCF-36A2FF5D1185}.Debug|Any CPU.ActiveCfg = Debug|Any CPU
		{4E10B970-FC70-40F5-BFCF-36A2FF5D1185}.Debug|Any CPU.Build.0 = Debug|Any CPU
		{4E10B970-FC70-40F5-BFCF-36A2FF5D1185}.Release|Any CPU.ActiveCfg = Release|Any CPU
		{4E10B970-FC70-40F5-BFCF-36A2FF5D1185}.Release|Any CPU.Build.0 = Release|Any CPU
		{107BFC79-9DE4-499E-ADBA-C1F1675FAE76}.Debug|Any CPU.ActiveCfg = Debug|Any CPU
		{107BFC79-9DE4-499E-ADBA-C1F1675FAE76}.Debug|Any CPU.Build.0 = Debug|Any CPU
		{107BFC79-9DE4-499E-ADBA-C1F1675FAE76}.Release|Any CPU.ActiveCfg = Release|Any CPU
		{107BFC79-9DE4-499E-ADBA-C1F1675FAE76}.Release|Any CPU.Build.0 = Release|Any CPU
		{31523403-7F7A-4135-9858-1201228EA69D}.Debug|Any CPU.ActiveCfg = Debug|Any CPU
		{31523403-7F7A-4135-9858-1201228EA69D}.Debug|Any CPU.Build.0 = Debug|Any CPU
		{31523403-7F7A-4135-9858-1201228EA69D}.Release|Any CPU.ActiveCfg = Release|Any CPU
		{31523403-7F7A-4135-9858-1201228EA69D}.Release|Any CPU.Build.0 = Release|Any CPU
		{94082869-D38B-47EB-B5B7-F707F5068B3B}.Debug|Any CPU.ActiveCfg = Debug|Any CPU
		{94082869-D38B-47EB-B5B7-F707F5068B3B}.Debug|Any CPU.Build.0 = Debug|Any CPU
		{94082869-D38B-47EB-B5B7-F707F5068B3B}.Release|Any CPU.ActiveCfg = Release|Any CPU
		{94082869-D38B-47EB-B5B7-F707F5068B3B}.Release|Any CPU.Build.0 = Release|Any CPU
	EndGlobalSection
	GlobalSection(NestedProjects) = preSolution
		{C7FB4723-3F17-4840-8517-6702A7138F52} = {882E13E1-4A92-4E48-B822-0B99C5077639}
		{98D58AEE-83DC-4437-B63F-B4CA49C3B007} = {882E13E1-4A92-4E48-B822-0B99C5077639}
		{9A889C6D-0E2B-4AF3-B810-857B9C7AA486} = {882E13E1-4A92-4E48-B822-0B99C5077639}
		{4E10B970-FC70-40F5-BFCF-36A2FF5D1185} = {882E13E1-4A92-4E48-B822-0B99C5077639}
		{107BFC79-9DE4-499E-ADBA-C1F1675FAE76} = {A8030618-266D-4BD0-AFD6-D106A439BDB3}
		{31523403-7F7A-4135-9858-1201228EA69D} = {A8030618-266D-4BD0-AFD6-D106A439BDB3}
		{94082869-D38B-47EB-B5B7-F707F5068B3B} = {A8030618-266D-4BD0-AFD6-D106A439BDB3}
	EndGlobalSection
EndGlobal
